
Microsoft Visual Studio Solution File, Format Version 12.00
# Visual Studio 15
VisualStudioVersion = 15.0.26124.0
MinimumVisualStudioVersion = 15.0.26124.0
Project("{FAE04EC0-301F-11D3-BF4B-00C04F79EFBC}") = "RCBackupParser", "src\Microsoft.ServiceFabric.ReliableCollectionBackup\Parser\RCBackupParser.csproj", "{F9A204A8-4878-446B-B437-BAB888906760}"
EndProject
Project("{9A19103F-16F7-4668-BE54-9A1E7A4F7556}") = "RCBackupParserTests", "src\Microsoft.ServiceFabric.ReliableCollectionBackup\Parser.Tests\RCBackupParserTests.csproj", "{C21FA5E0-DBD5-4ECD-999E-EF4154EAD297}"
EndProject
Project("{9A19103F-16F7-4668-BE54-9A1E7A4F7556}") = "RCBackupRestServer", "src\Microsoft.ServiceFabric.ReliableCollectionBackup\RestServer\RCBackupRestServer.csproj", "{5BA3665D-D2A8-43F7-BDD8-817B8834A141}"
EndProject
Project("{9A19103F-16F7-4668-BE54-9A1E7A4F7556}") = "BackupGenerator", "src\Microsoft.ServiceFabric.ReliableCollectionBackup\Parser.Tests\BackupGenerator\BackupGenerator.csproj", "{DEAC9316-70ED-4C3E-BBA9-36CBEBE5A0FC}"
EndProject
Project("{FAE04EC0-301F-11D3-BF4B-00C04F79EFBC}") = "UserType", "src\Microsoft.ServiceFabric.ReliableCollectionBackup\Parser.Tests\UserType\UserType.csproj", "{2E09E042-C9E5-4D1C-BA54-43281C1DCC35}"
EndProject
Global
	GlobalSection(SolutionConfigurationPlatforms) = preSolution
		Debug|x64 = Debug|x64
		Release|x64 = Release|x64
	EndGlobalSection
	GlobalSection(ProjectConfigurationPlatforms) = postSolution
		{F9A204A8-4878-446B-B437-BAB888906760}.Debug|x64.ActiveCfg = Debug|x64
		{F9A204A8-4878-446B-B437-BAB888906760}.Debug|x64.Build.0 = Debug|x64
		{F9A204A8-4878-446B-B437-BAB888906760}.Release|x64.ActiveCfg = Release|x64
		{F9A204A8-4878-446B-B437-BAB888906760}.Release|x64.Build.0 = Release|x64
		{C21FA5E0-DBD5-4ECD-999E-EF4154EAD297}.Debug|x64.ActiveCfg = Debug|x64
		{C21FA5E0-DBD5-4ECD-999E-EF4154EAD297}.Debug|x64.Build.0 = Debug|x64
		{C21FA5E0-DBD5-4ECD-999E-EF4154EAD297}.Release|x64.ActiveCfg = Release|x64
		{C21FA5E0-DBD5-4ECD-999E-EF4154EAD297}.Release|x64.Build.0 = Release|x64
		{5BA3665D-D2A8-43F7-BDD8-817B8834A141}.Debug|x64.ActiveCfg = Debug|x64
		{5BA3665D-D2A8-43F7-BDD8-817B8834A141}.Debug|x64.Build.0 = Debug|x64
		{5BA3665D-D2A8-43F7-BDD8-817B8834A141}.Release|x64.ActiveCfg = Release|x64
		{5BA3665D-D2A8-43F7-BDD8-817B8834A141}.Release|x64.Build.0 = Release|x64
		{DEAC9316-70ED-4C3E-BBA9-36CBEBE5A0FC}.Debug|x64.ActiveCfg = Debug|x64
		{DEAC9316-70ED-4C3E-BBA9-36CBEBE5A0FC}.Debug|x64.Build.0 = Debug|x64
		{DEAC9316-70ED-4C3E-BBA9-36CBEBE5A0FC}.Release|x64.ActiveCfg = Release|x64
		{DEAC9316-70ED-4C3E-BBA9-36CBEBE5A0FC}.Release|x64.Build.0 = Release|x64
		{2E09E042-C9E5-4D1C-BA54-43281C1DCC35}.Debug|x64.ActiveCfg = Debug|x64
		{2E09E042-C9E5-4D1C-BA54-43281C1DCC35}.Debug|x64.Build.0 = Debug|x64
		{2E09E042-C9E5-4D1C-BA54-43281C1DCC35}.Release|x64.ActiveCfg = Release|x64
		{2E09E042-C9E5-4D1C-BA54-43281C1DCC35}.Release|x64.Build.0 = Release|x64
	EndGlobalSection
	GlobalSection(SolutionProperties) = preSolution
		HideSolutionNode = FALSE
	EndGlobalSection
	GlobalSection(ExtensibilityGlobals) = postSolution
		SolutionGuid = {D898A507-5D0B-4A15-8796-3EBF25358437}
	EndGlobalSection
EndGlobal
